
Microsoft Visual Studio Solution File, Format Version 12.00
# Visual Studio Version 17
VisualStudioVersion = 17.13.35825.156 d17.13
MinimumVisualStudioVersion = 10.0.40219.1
Project("{FAE04EC0-301F-11D3-BF4B-00C04F79EFBC}") = "Homework_6", "Homework_6.csproj", "{49BDAF82-6F97-4C7A-B935-34BFFC144248}"
EndProject
Global
	GlobalSection(SolutionConfigurationPlatforms) = preSolution
		Debug|Any CPU = Debug|Any CPU
		Release|Any CPU = Release|Any CPU
	EndGlobalSection
	GlobalSection(ProjectConfigurationPlatforms) = postSolution
		{49BDAF82-6F97-4C7A-B935-34BFFC144248}.Debug|Any CPU.ActiveCfg = Debug|Any CPU
		{49BDAF82-6F97-4C7A-B935-34BFFC144248}.Debug|Any CPU.Build.0 = Debug|Any CPU
		{49BDAF82-6F97-4C7A-B935-34BFFC144248}.Release|Any CPU.ActiveCfg = Release|Any CPU
		{49BDAF82-6F97-4C7A-B935-34BFFC144248}.Release|Any CPU.Build.0 = Release|Any CPU
	EndGlobalSection
	GlobalSection(SolutionProperties) = preSolution
		HideSolutionNode = FALSE
	EndGlobalSection
	GlobalSection(ExtensibilityGlobals) = postSolution
		SolutionGuid = {16B128AE-083C-4F85-8E97-E35D1878CDE1}
	EndGlobalSection
EndGlobal
