
Microsoft Visual Studio Solution File, Format Version 12.00
# Visual Studio Version 17
VisualStudioVersion = 17.13.35825.156 d17.13
MinimumVisualStudioVersion = 10.0.40219.1
Project("{FAE04EC0-301F-11D3-BF4B-00C04F79EFBC}") = "Homework_4", "Homework_4.csproj", "{B5EAD365-EDD2-4EE4-9E3A-F700CADF6402}"
EndProject
Global
	GlobalSection(SolutionConfigurationPlatforms) = preSolution
		Debug|Any CPU = Debug|Any CPU
		Release|Any CPU = Release|Any CPU
	EndGlobalSection
	GlobalSection(ProjectConfigurationPlatforms) = postSolution
		{B5EAD365-EDD2-4EE4-9E3A-F700CADF6402}.Debug|Any CPU.ActiveCfg = Debug|Any CPU
		{B5EAD365-EDD2-4EE4-9E3A-F700CADF6402}.Debug|Any CPU.Build.0 = Debug|Any CPU
		{B5EAD365-EDD2-4EE4-9E3A-F700CADF6402}.Release|Any CPU.ActiveCfg = Release|Any CPU
		{B5EAD365-EDD2-4EE4-9E3A-F700CADF6402}.Release|Any CPU.Build.0 = Release|Any CPU
	EndGlobalSection
	GlobalSection(SolutionProperties) = preSolution
		HideSolutionNode = FALSE
	EndGlobalSection
	GlobalSection(ExtensibilityGlobals) = postSolution
		SolutionGuid = {83427033-CE78-4BA8-B9C7-AA3C7BD8C4E2}
	EndGlobalSection
EndGlobal
