
Microsoft Visual Studio Solution File, Format Version 12.00
# Visual Studio Version 17
VisualStudioVersion = 17.13.35919.96 d17.13
MinimumVisualStudioVersion = 10.0.40219.1
Project("{FAE04EC0-301F-11D3-BF4B-00C04F79EFBC}") = "Homework_10_part_2", "Homework_10_part_2.csproj", "{28973226-E402-4ED1-8AB3-D14C810C2E65}"
EndProject
Global
	GlobalSection(SolutionConfigurationPlatforms) = preSolution
		Debug|Any CPU = Debug|Any CPU
		Release|Any CPU = Release|Any CPU
	EndGlobalSection
	GlobalSection(ProjectConfigurationPlatforms) = postSolution
		{28973226-E402-4ED1-8AB3-D14C810C2E65}.Debug|Any CPU.ActiveCfg = Debug|Any CPU
		{28973226-E402-4ED1-8AB3-D14C810C2E65}.Debug|Any CPU.Build.0 = Debug|Any CPU
		{28973226-E402-4ED1-8AB3-D14C810C2E65}.Release|Any CPU.ActiveCfg = Release|Any CPU
		{28973226-E402-4ED1-8AB3-D14C810C2E65}.Release|Any CPU.Build.0 = Release|Any CPU
	EndGlobalSection
	GlobalSection(SolutionProperties) = preSolution
		HideSolutionNode = FALSE
	EndGlobalSection
	GlobalSection(ExtensibilityGlobals) = postSolution
		SolutionGuid = {AD41C008-0D53-4BCA-A673-B0536C8564DA}
	EndGlobalSection
EndGlobal
