
Microsoft Visual Studio Solution File, Format Version 12.00
# Visual Studio Version 17
VisualStudioVersion = 17.13.35931.197 d17.13
MinimumVisualStudioVersion = 10.0.40219.1
Project("{FAE04EC0-301F-11D3-BF4B-00C04F79EFBC}") = "Homework_13", "Homework_13.csproj", "{E6DE6975-4D54-4DCB-B132-096A84BBBCCE}"
EndProject
Global
	GlobalSection(SolutionConfigurationPlatforms) = preSolution
		Debug|Any CPU = Debug|Any CPU
		Release|Any CPU = Release|Any CPU
	EndGlobalSection
	GlobalSection(ProjectConfigurationPlatforms) = postSolution
		{E6DE6975-4D54-4DCB-B132-096A84BBBCCE}.Debug|Any CPU.ActiveCfg = Debug|Any CPU
		{E6DE6975-4D54-4DCB-B132-096A84BBBCCE}.Debug|Any CPU.Build.0 = Debug|Any CPU
		{E6DE6975-4D54-4DCB-B132-096A84BBBCCE}.Release|Any CPU.ActiveCfg = Release|Any CPU
		{E6DE6975-4D54-4DCB-B132-096A84BBBCCE}.Release|Any CPU.Build.0 = Release|Any CPU
	EndGlobalSection
	GlobalSection(SolutionProperties) = preSolution
		HideSolutionNode = FALSE
	EndGlobalSection
	GlobalSection(ExtensibilityGlobals) = postSolution
		SolutionGuid = {20C91405-641D-460E-B633-FD9B74669F3C}
	EndGlobalSection
EndGlobal
